
Microsoft Visual Studio Solution File, Format Version 12.00
# Visual Studio Version 17
VisualStudioVersion = 17.13.35931.197
MinimumVisualStudioVersion = 10.0.40219.1
Project("{FAE04EC0-301F-11D3-BF4B-00C04F79EFBC}") = "weatherforecast", "weatherforecast\weatherforecast.csproj", "{078FDFA3-59BE-49AC-BDBD-56390D2C8A51}"
EndProject
Project("{FAE04EC0-301F-11D3-BF4B-00C04F79EFBC}") = "weatherforecastTests", "weatherforecastTests\weatherforecastTests.csproj", "{B428BAB8-0D97-4F5D-89A3-1CDDAE5E1B7A}"
EndProject
Project("{FAE04EC0-301F-11D3-BF4B-00C04F79EFBC}") = "weatherforecastTests1", "weatherforecastTests1\weatherforecastTests1.csproj", "{61F456A3-164A-43B2-BC3C-CC1F7A62BCEF}"
EndProject
Project("{54435603-DBB4-11D2-8724-00A0C9A8B90C}") = "SetupWeatherForecast", "SetupWeatherForecast\SetupWeatherForecast.vdproj", "{4303FD14-5DBF-1E1F-5A18-5C3790CE247F}"
EndProject
Global
	GlobalSection(SolutionConfigurationPlatforms) = preSolution
		Debug|Any CPU = Debug|Any CPU
		Release|Any CPU = Release|Any CPU
	EndGlobalSection
	GlobalSection(ProjectConfigurationPlatforms) = postSolution
		{078FDFA3-59BE-49AC-BDBD-56390D2C8A51}.Debug|Any CPU.ActiveCfg = Debug|Any CPU
		{078FDFA3-59BE-49AC-BDBD-56390D2C8A51}.Debug|Any CPU.Build.0 = Debug|Any CPU
		{078FDFA3-59BE-49AC-BDBD-56390D2C8A51}.Release|Any CPU.ActiveCfg = Release|Any CPU
		{078FDFA3-59BE-49AC-BDBD-56390D2C8A51}.Release|Any CPU.Build.0 = Release|Any CPU
		{B428BAB8-0D97-4F5D-89A3-1CDDAE5E1B7A}.Debug|Any CPU.ActiveCfg = Debug|Any CPU
		{B428BAB8-0D97-4F5D-89A3-1CDDAE5E1B7A}.Debug|Any CPU.Build.0 = Debug|Any CPU
		{B428BAB8-0D97-4F5D-89A3-1CDDAE5E1B7A}.Release|Any CPU.ActiveCfg = Release|Any CPU
		{B428BAB8-0D97-4F5D-89A3-1CDDAE5E1B7A}.Release|Any CPU.Build.0 = Release|Any CPU
		{61F456A3-164A-43B2-BC3C-CC1F7A62BCEF}.Debug|Any CPU.ActiveCfg = Debug|Any CPU
		{61F456A3-164A-43B2-BC3C-CC1F7A62BCEF}.Debug|Any CPU.Build.0 = Debug|Any CPU
		{61F456A3-164A-43B2-BC3C-CC1F7A62BCEF}.Release|Any CPU.ActiveCfg = Release|Any CPU
		{61F456A3-164A-43B2-BC3C-CC1F7A62BCEF}.Release|Any CPU.Build.0 = Release|Any CPU
		{4303FD14-5DBF-1E1F-5A18-5C3790CE247F}.Debug|Any CPU.ActiveCfg = Debug
		{4303FD14-5DBF-1E1F-5A18-5C3790CE247F}.Release|Any CPU.ActiveCfg = Release
	EndGlobalSection
	GlobalSection(SolutionProperties) = preSolution
		HideSolutionNode = FALSE
	EndGlobalSection
	GlobalSection(ExtensibilityGlobals) = postSolution
		SolutionGuid = {85780CE4-B7FA-42DF-86A0-BF795BF0E7CC}
	EndGlobalSection
EndGlobal
